Microsoft Visual Studio Solution File, Format Version 12.00
# Visual Studio Version 17
VisualStudioVersion = 17.5.2.0
MinimumVisualStudioVersion = 10.0.40219.1
Project("{FAE04EC0-301F-11D3-BF4B-00C04F79EFBC}") = "FutPlay", "FutPlay.csproj", "{5703A8A8-151B-66DB-CD87-074ECB992ED5}"
EndProject
Global
	GlobalSection(SolutionConfigurationPlatforms) = preSolution
		Debug|Any CPU = Debug|Any CPU
		Release|Any CPU = Release|Any CPU
	EndGlobalSection
	GlobalSection(ProjectConfigurationPlatforms) = postSolution
		{5703A8A8-151B-66DB-CD87-074ECB992ED5}.Debug|Any CPU.ActiveCfg = Debug|Any CPU
		{5703A8A8-151B-66DB-CD87-074ECB992ED5}.Debug|Any CPU.Build.0 = Debug|Any CPU
		{5703A8A8-151B-66DB-CD87-074ECB992ED5}.Release|Any CPU.ActiveCfg = Release|Any CPU
		{5703A8A8-151B-66DB-CD87-074ECB992ED5}.Release|Any CPU.Build.0 = Release|Any CPU
	EndGlobalSection
	GlobalSection(SolutionProperties) = preSolution
		HideSolutionNode = FALSE
	EndGlobalSection
	GlobalSection(ExtensibilityGlobals) = postSolution
		SolutionGuid = {12E5D0E2-208E-454F-B363-C8119A93086E}
	EndGlobalSection
EndGlobal
